
Microsoft Visual Studio Solution File, Format Version 12.00
# Visual Studio Version 17
VisualStudioVersion = 17.5.33627.172
MinimumVisualStudioVersion = 10.0.40219.1
Project("{FAE04EC0-301F-11D3-BF4B-00C04F79EFBC}") = "SiteCompleto", "SiteCompleto\SiteCompleto.csproj", "{C9CF85C4-C908-473D-B284-1119FE6AEF85}"
EndProject
Global
	GlobalSection(SolutionConfigurationPlatforms) = preSolution
		Debug|Any CPU = Debug|Any CPU
		Release|Any CPU = Release|Any CPU
	EndGlobalSection
	GlobalSection(ProjectConfigurationPlatforms) = postSolution
		{C9CF85C4-C908-473D-B284-1119FE6AEF85}.Debug|Any CPU.ActiveCfg = Debug|Any CPU
		{C9CF85C4-C908-473D-B284-1119FE6AEF85}.Debug|Any CPU.Build.0 = Debug|Any CPU
		{C9CF85C4-C908-473D-B284-1119FE6AEF85}.Release|Any CPU.ActiveCfg = Release|Any CPU
		{C9CF85C4-C908-473D-B284-1119FE6AEF85}.Release|Any CPU.Build.0 = Release|Any CPU
	EndGlobalSection
	GlobalSection(SolutionProperties) = preSolution
		HideSolutionNode = FALSE
	EndGlobalSection
	GlobalSection(ExtensibilityGlobals) = postSolution
		SolutionGuid = {6B72C73B-1B7D-4B71-AA7F-99D186FB51CE}
	EndGlobalSection
EndGlobal
